// !$*UTF8*$!
{
	archiveVersion = 1;
	classes = {
	};
	objectVersion = 56;
	objects = {

/* Begin PBXBuildFile section */
		A857DFFF2C8CC645009D8EF8 /* config.swift in Sources */ = {isa = PBXBuildFile; fileRef = A857DFFE2C8CC645009D8EF8 /* config.swift */; };
		A8CB77742C8CC77C00D9B65B /* log.swift in Sources */ = {isa = PBXBuildFile; fileRef = A8CB77732C8CC77C00D9B65B /* log.swift */; };
		A8CF2F1F2C8CC6D00076FFCA /* arguments.swift in Sources */ = {isa = PBXBuildFile; fileRef = A8CF2F1E2C8CC6D00076FFCA /* arguments.swift */; };
		A8CF2F212C8CC6FC0076FFCA /* time.swift in Sources */ = {isa = PBXBuildFile; fileRef = A8CF2F202C8CC6FC0076FFCA /* time.swift */; };
		A8F052DE2A8985BA005A8721 /* vm.swift in Sources */ = {isa = PBXBuildFile; fileRef = A8F052DC2A8985BA005A8721 /* vm.swift */; };
		A8F933F02A8981A30097F557 /* AppDelegate.swift in Sources */ = {isa = PBXBuildFile; fileRef = A8F933EF2A8981A30097F557 /* AppDelegate.swift */; };
		A8F933F22A8981A30097F557 /* Assets.xcassets in Resources */ = {isa = PBXBuildFile; fileRef = A8F933F12A8981A30097F557 /* Assets.xcassets */; };
		A8F933F52A8981A30097F557 /* MainMenu.xib in Resources */ = {isa = PBXBuildFile; fileRef = A8F933F32A8981A30097F557 /* MainMenu.xib */; };
/* End PBXBuildFile section */

/* Begin PBXFileReference section */
		A857DFFE2C8CC645009D8EF8 /* config.swift */ = {isa = PBXFileReference; lastKnownFileType = sourcecode.swift; path = config.swift; sourceTree = "<group>"; };
		A8CB77732C8CC77C00D9B65B /* log.swift */ = {isa = PBXFileReference; lastKnownFileType = sourcecode.swift; path = log.swift; sourceTree = "<group>"; };
		A8CF2F1E2C8CC6D00076FFCA /* arguments.swift */ = {isa = PBXFileReference; lastKnownFileType = sourcecode.swift; path = arguments.swift; sourceTree = "<group>"; };
		A8CF2F202C8CC6FC0076FFCA /* time.swift */ = {isa = PBXFileReference; lastKnownFileType = sourcecode.swift; path = time.swift; sourceTree = "<group>"; };
		A8F052DC2A8985BA005A8721 /* vm.swift */ = {isa = PBXFileReference; fileEncoding = 4; lastKnownFileType = sourcecode.swift; path = vm.swift; sourceTree = "<group>"; };
		A8F933EC2A8981A30097F557 /* vfu.app */ = {isa = PBXFileReference; explicitFileType = wrapper.application; includeInIndex = 0; path = vfu.app; sourceTree = BUILT_PRODUCTS_DIR; };
		A8F933EF2A8981A30097F557 /* AppDelegate.swift */ = {isa = PBXFileReference; lastKnownFileType = sourcecode.swift; path = AppDelegate.swift; sourceTree = "<group>"; };
		A8F933F12A8981A30097F557 /* Assets.xcassets */ = {isa = PBXFileReference; lastKnownFileType = folder.assetcatalog; path = Assets.xcassets; sourceTree = "<group>"; };
		A8F933F42A8981A30097F557 /* Base */ = {isa = PBXFileReference; lastKnownFileType = file.xib; name = Base; path = Base.lproj/MainMenu.xib; sourceTree = "<group>"; };
		A8F933F62A8981A30097F557 /* vfu.entitlements */ = {isa = PBXFileReference; lastKnownFileType = text.plist.entitlements; path = vfu.entitlements; sourceTree = "<group>"; };
/* End PBXFileReference section */

/* Begin PBXFrameworksBuildPhase section */
		A8F933E92A8981A30097F557 /* Frameworks */ = {
			isa = PBXFrameworksBuildPhase;
			buildActionMask = 2147483647;
			files = (
			);
			runOnlyForDeploymentPostprocessing = 0;
		};
/* End PBXFrameworksBuildPhase section */

/* Begin PBXGroup section */
		A857DFFD2C8CC607009D8EF8 /* src */ = {
			isa = PBXGroup;
			children = (
				A8F052DC2A8985BA005A8721 /* vm.swift */,
				A857DFFE2C8CC645009D8EF8 /* config.swift */,
				A8CF2F1E2C8CC6D00076FFCA /* arguments.swift */,
				A8CF2F202C8CC6FC0076FFCA /* time.swift */,
				A8CB77732C8CC77C00D9B65B /* log.swift */,
			);
			path = src;
			sourceTree = "<group>";
		};
		A8F933E32A8981A30097F557 = {
			isa = PBXGroup;
			children = (
				A8F933EE2A8981A30097F557 /* vfu */,
				A8F933ED2A8981A30097F557 /* Products */,
			);
			sourceTree = "<group>";
		};
		A8F933ED2A8981A30097F557 /* Products */ = {
			isa = PBXGroup;
			children = (
				A8F933EC2A8981A30097F557 /* vfu.app */,
			);
			name = Products;
			sourceTree = "<group>";
		};
		A8F933EE2A8981A30097F557 /* vfu */ = {
			isa = PBXGroup;
			children = (
				A857DFFD2C8CC607009D8EF8 /* src */,
				A8F933EF2A8981A30097F557 /* AppDelegate.swift */,
				A8F933F12A8981A30097F557 /* Assets.xcassets */,
				A8F933F32A8981A30097F557 /* MainMenu.xib */,
				A8F933F62A8981A30097F557 /* vfu.entitlements */,
			);
			path = vfu;
			sourceTree = "<group>";
		};
/* End PBXGroup section */

/* Begin PBXNativeTarget section */
		A8F933EB2A8981A30097F557 /* vfu */ = {
			isa = PBXNativeTarget;
			buildConfigurationList = A8F933F92A8981A30097F557 /* Build configuration list for PBXNativeTarget "vfu" */;
			buildPhases = (
				A8F933E82A8981A30097F557 /* Sources */,
				A8F933E92A8981A30097F557 /* Frameworks */,
				A8F933EA2A8981A30097F557 /* Resources */,
			);
			buildRules = (
			);
			dependencies = (
			);
			name = vfu;
			productName = vfu;
			productReference = A8F933EC2A8981A30097F557 /* vfu.app */;
			productType = "com.apple.product-type.application";
		};
/* End PBXNativeTarget section */

/* Begin PBXProject section */
		A8F933E42A8981A30097F557 /* Project object */ = {
			isa = PBXProject;
			attributes = {
				BuildIndependentTargetsInParallel = 1;
				LastSwiftUpdateCheck = 1430;
				LastUpgradeCheck = 1430;
				TargetAttributes = {
					A8F933EB2A8981A30097F557 = {
						CreatedOnToolsVersion = 14.3.1;
					};
				};
			};
			buildConfigurationList = A8F933E72A8981A30097F557 /* Build configuration list for PBXProject "vfu" */;
			compatibilityVersion = "Xcode 14.0";
			developmentRegion = en;
			hasScannedForEncodings = 0;
			knownRegions = (
				en,
				Base,
			);
			mainGroup = A8F933E32A8981A30097F557;
			productRefGroup = A8F933ED2A8981A30097F557 /* Products */;
			projectDirPath = "";
			projectRoot = "";
			targets = (
				A8F933EB2A8981A30097F557 /* vfu */,
			);
		};
/* End PBXProject section */

/* Begin PBXResourcesBuildPhase section */
		A8F933EA2A8981A30097F557 /* Resources */ = {
			isa = PBXResourcesBuildPhase;
			buildActionMask = 2147483647;
			files = (
				A8F933F22A8981A30097F557 /* Assets.xcassets in Resources */,
				A8F933F52A8981A30097F557 /* MainMenu.xib in Resources */,
			);
			runOnlyForDeploymentPostprocessing = 0;
		};
/* End PBXResourcesBuildPhase section */

/* Begin PBXSourcesBuildPhase section */
		A8F933E82A8981A30097F557 /* Sources */ = {
			isa = PBXSourcesBuildPhase;
			buildActionMask = 2147483647;
			files = (
				A8CF2F1F2C8CC6D00076FFCA /* arguments.swift in Sources */,
				A857DFFF2C8CC645009D8EF8 /* config.swift in Sources */,
				A8F933F02A8981A30097F557 /* AppDelegate.swift in Sources */,
				A8CF2F212C8CC6FC0076FFCA /* time.swift in Sources */,
				A8CB77742C8CC77C00D9B65B /* log.swift in Sources */,
				A8F052DE2A8985BA005A8721 /* vm.swift in Sources */,
			);
			runOnlyForDeploymentPostprocessing = 0;
		};
/* End PBXSourcesBuildPhase section */

/* Begin PBXVariantGroup section */
		A8F933F32A8981A30097F557 /* MainMenu.xib */ = {
			isa = PBXVariantGroup;
			children = (
				A8F933F42A8981A30097F557 /* Base */,
			);
			name = MainMenu.xib;
			sourceTree = "<group>";
		};
/* End PBXVariantGroup section */

/* Begin XCBuildConfiguration section */
		A8F933F72A8981A30097F557 /* Debug */ = {
			isa = XCBuildConfiguration;
			buildSettings = {
				ALWAYS_SEARCH_USER_PATHS = NO;
				CLANG_ANALYZER_NONNULL = YES;
				CLANG_ANALYZER_NUMBER_OBJECT_CONVERSION = YES_AGGRESSIVE;
				CLANG_CXX_LANGUAGE_STANDARD = "gnu++20";
				CLANG_ENABLE_MODULES = YES;
				CLANG_ENABLE_OBJC_ARC = YES;
				CLANG_ENABLE_OBJC_WEAK = YES;
				CLANG_WARN_BLOCK_CAPTURE_AUTORELEASING = YES;
				CLANG_WARN_BOOL_CONVERSION = YES;
				CLANG_WARN_COMMA = YES;
				CLANG_WARN_CONSTANT_CONVERSION = YES;
				CLANG_WARN_DEPRECATED_OBJC_IMPLEMENTATIONS = YES;
				CLANG_WARN_DIRECT_OBJC_ISA_USAGE = YES_ERROR;
				CLANG_WARN_DOCUMENTATION_COMMENTS = YES;
				CLANG_WARN_EMPTY_BODY = YES;
				CLANG_WARN_ENUM_CONVERSION = YES;
				CLANG_WARN_INFINITE_RECURSION = YES;
				CLANG_WARN_INT_CONVERSION = YES;
				CLANG_WARN_NON_LITERAL_NULL_CONVERSION = YES;
				CLANG_WARN_OBJC_IMPLICIT_RETAIN_SELF = YES;
				CLANG_WARN_OBJC_LITERAL_CONVERSION = YES;
				CLANG_WARN_OBJC_ROOT_CLASS = YES_ERROR;
				CLANG_WARN_QUOTED_INCLUDE_IN_FRAMEWORK_HEADER = YES;
				CLANG_WARN_RANGE_LOOP_ANALYSIS = YES;
				CLANG_WARN_STRICT_PROTOTYPES = YES;
				CLANG_WARN_SUSPICIOUS_MOVE = YES;
				CLANG_WARN_UNGUARDED_AVAILABILITY = YES_AGGRESSIVE;
				CLANG_WARN_UNREACHABLE_CODE = YES;
				CLANG_WARN__DUPLICATE_METHOD_MATCH = YES;
				COPY_PHASE_STRIP = NO;
				DEBUG_INFORMATION_FORMAT = dwarf;
				ENABLE_STRICT_OBJC_MSGSEND = YES;
				ENABLE_TESTABILITY = YES;
				GCC_C_LANGUAGE_STANDARD = gnu11;
				GCC_DYNAMIC_NO_PIC = NO;
				GCC_NO_COMMON_BLOCKS = YES;
				GCC_OPTIMIZATION_LEVEL = 0;
				GCC_PREPROCESSOR_DEFINITIONS = (
					"DEBUG=1",
					"$(inherited)",
				);
				GCC_WARN_64_TO_32_BIT_CONVERSION = YES;
				GCC_WARN_ABOUT_RETURN_TYPE = YES_ERROR;
				GCC_WARN_UNDECLARED_SELECTOR = YES;
				GCC_WARN_UNINITIALIZED_AUTOS = YES_AGGRESSIVE;
				GCC_WARN_UNUSED_FUNCTION = YES;
				GCC_WARN_UNUSED_VARIABLE = YES;
				MACOSX_DEPLOYMENT_TARGET = 13.3;
				MTL_ENABLE_DEBUG_INFO = INCLUDE_SOURCE;
				MTL_FAST_MATH = YES;
				ONLY_ACTIVE_ARCH = YES;
				SDKROOT = macosx;
				SWIFT_ACTIVE_COMPILATION_CONDITIONS = DEBUG;
				SWIFT_OPTIMIZATION_LEVEL = "-Onone";
			};
			name = Debug;
		};
		A8F933F82A8981A30097F557 /* Release */ = {
			isa = XCBuildConfiguration;
			buildSettings = {
				ALWAYS_SEARCH_USER_PATHS = NO;
				CLANG_ANALYZER_NONNULL = YES;
				CLANG_ANALYZER_NUMBER_OBJECT_CONVERSION = YES_AGGRESSIVE;
				CLANG_CXX_LANGUAGE_STANDARD = "gnu++20";
				CLANG_ENABLE_MODULES = YES;
				CLANG_ENABLE_OBJC_ARC = YES;
				CLANG_ENABLE_OBJC_WEAK = YES;
				CLANG_WARN_BLOCK_CAPTURE_AUTORELEASING = YES;
				CLANG_WARN_BOOL_CONVERSION = YES;
				CLANG_WARN_COMMA = YES;
				CLANG_WARN_CONSTANT_CONVERSION = YES;
				CLANG_WARN_DEPRECATED_OBJC_IMPLEMENTATIONS = YES;
				CLANG_WARN_DIRECT_OBJC_ISA_USAGE = YES_ERROR;
				CLANG_WARN_DOCUMENTATION_COMMENTS = YES;
				CLANG_WARN_EMPTY_BODY = YES;
				CLANG_WARN_ENUM_CONVERSION = YES;
				CLANG_WARN_INFINITE_RECURSION = YES;
				CLANG_WARN_INT_CONVERSION = YES;
				CLANG_WARN_NON_LITERAL_NULL_CONVERSION = YES;
				CLANG_WARN_OBJC_IMPLICIT_RETAIN_SELF = YES;
				CLANG_WARN_OBJC_LITERAL_CONVERSION = YES;
				CLANG_WARN_OBJC_ROOT_CLASS = YES_ERROR;
				CLANG_WARN_QUOTED_INCLUDE_IN_FRAMEWORK_HEADER = YES;
				CLANG_WARN_RANGE_LOOP_ANALYSIS = YES;
				CLANG_WARN_STRICT_PROTOTYPES = YES;
				CLANG_WARN_SUSPICIOUS_MOVE = YES;
				CLANG_WARN_UNGUARDED_AVAILABILITY = YES_AGGRESSIVE;
				CLANG_WARN_UNREACHABLE_CODE = YES;
				CLANG_WARN__DUPLICATE_METHOD_MATCH = YES;
				COPY_PHASE_STRIP = NO;
				DEBUG_INFORMATION_FORMAT = "dwarf-with-dsym";
				ENABLE_NS_ASSERTIONS = NO;
				ENABLE_STRICT_OBJC_MSGSEND = YES;
				GCC_C_LANGUAGE_STANDARD = gnu11;
				GCC_NO_COMMON_BLOCKS = YES;
				GCC_WARN_64_TO_32_BIT_CONVERSION = YES;
				GCC_WARN_ABOUT_RETURN_TYPE = YES_ERROR;
				GCC_WARN_UNDECLARED_SELECTOR = YES;
				GCC_WARN_UNINITIALIZED_AUTOS = YES_AGGRESSIVE;
				GCC_WARN_UNUSED_FUNCTION = YES;
				GCC_WARN_UNUSED_VARIABLE = YES;
				MACOSX_DEPLOYMENT_TARGET = 13.3;
				MTL_ENABLE_DEBUG_INFO = NO;
				MTL_FAST_MATH = YES;
				SDKROOT = macosx;
				SWIFT_COMPILATION_MODE = wholemodule;
				SWIFT_OPTIMIZATION_LEVEL = "-O";
			};
			name = Release;
		};
		A8F933FA2A8981A30097F557 /* Debug */ = {
			isa = XCBuildConfiguration;
			buildSettings = {
				ASSETCATALOG_COMPILER_APPICON_NAME = AppIcon;
				CODE_SIGN_ENTITLEMENTS = vfu/vfu.entitlements;
				CODE_SIGN_STYLE = Automatic;
				COMBINE_HIDPI_IMAGES = YES;
				CURRENT_PROJECT_VERSION = 1;
				GENERATE_INFOPLIST_FILE = YES;
				INFOPLIST_KEY_NSHumanReadableCopyright = "";
				INFOPLIST_KEY_NSMainNibFile = MainMenu;
				INFOPLIST_KEY_NSPrincipalClass = NSApplication;
				LD_RUNPATH_SEARCH_PATHS = (
					"$(inherited)",
					"@executable_path/../Frameworks",
				);
				MACOSX_DEPLOYMENT_TARGET = 13.0;
				MARKETING_VERSION = 1.0;
				PRODUCT_BUNDLE_IDENTIFIER = com.ttypty.vfu;
				PRODUCT_NAME = "$(TARGET_NAME)";
				SWIFT_EMIT_LOC_STRINGS = YES;
				SWIFT_VERSION = 5.0;
			};
			name = Debug;
		};
		A8F933FB2A8981A30097F557 /* Release */ = {
			isa = XCBuildConfiguration;
			buildSettings = {
				ASSETCATALOG_COMPILER_APPICON_NAME = AppIcon;
				CODE_SIGN_ENTITLEMENTS = vfu/vfu.entitlements;
				CODE_SIGN_STYLE = Automatic;
				COMBINE_HIDPI_IMAGES = YES;
				CURRENT_PROJECT_VERSION = 1;
				GENERATE_INFOPLIST_FILE = YES;
				INFOPLIST_KEY_NSHumanReadableCopyright = "";
				INFOPLIST_KEY_NSMainNibFile = MainMenu;
				INFOPLIST_KEY_NSPrincipalClass = NSApplication;
				LD_RUNPATH_SEARCH_PATHS = (
					"$(inherited)",
					"@executable_path/../Frameworks",
				);
				MACOSX_DEPLOYMENT_TARGET = 13.0;
				MARKETING_VERSION = 1.0;
				PRODUCT_BUNDLE_IDENTIFIER = com.ttypty.vfu;
				PRODUCT_NAME = "$(TARGET_NAME)";
				SWIFT_EMIT_LOC_STRINGS = YES;
				SWIFT_VERSION = 5.0;
			};
			name = Release;
		};
/* End XCBuildConfiguration section */

/* Begin XCConfigurationList section */
		A8F933E72A8981A30097F557 /* Build configuration list for PBXProject "vfu" */ = {
			isa = XCConfigurationList;
			buildConfigurations = (
				A8F933F72A8981A30097F557 /* Debug */,
				A8F933F82A8981A30097F557 /* Release */,
			);
			defaultConfigurationIsVisible = 0;
			defaultConfigurationName = Release;
		};
		A8F933F92A8981A30097F557 /* Build configuration list for PBXNativeTarget "vfu" */ = {
			isa = XCConfigurationList;
			buildConfigurations = (
				A8F933FA2A8981A30097F557 /* Debug */,
				A8F933FB2A8981A30097F557 /* Release */,
			);
			defaultConfigurationIsVisible = 0;
			defaultConfigurationName = Release;
		};
/* End XCConfigurationList section */
	};
	rootObject = A8F933E42A8981A30097F557 /* Project object */;
}
